
Microsoft Visual Studio Solution File, Format Version 12.00
# Visual Studio Version 16
VisualStudioVersion = 16.0.30204.135
MinimumVisualStudioVersion = 10.0.40219.1
Project("{FAE04EC0-301F-11D3-BF4B-00C04F79EFBC}") = "SalesTaxApp", "SalesTaxApp.csproj", "{B902F7A7-FBB0-48D2-88B4-2742BF9055ED}"
EndProject
Global
	GlobalSection(SolutionConfigurationPlatforms) = preSolution
		Debug|Any CPU = Debug|Any CPU
		Release|Any CPU = Release|Any CPU
	EndGlobalSection
	GlobalSection(ProjectConfigurationPlatforms) = postSolution
		{B902F7A7-FBB0-48D2-88B4-2742BF9055ED}.Debug|Any CPU.ActiveCfg = Debug|Any CPU
		{B902F7A7-FBB0-48D2-88B4-2742BF9055ED}.Debug|Any CPU.Build.0 = Debug|Any CPU
		{B902F7A7-FBB0-48D2-88B4-2742BF9055ED}.Release|Any CPU.ActiveCfg = Release|Any CPU
		{B902F7A7-FBB0-48D2-88B4-2742BF9055ED}.Release|Any CPU.Build.0 = Release|Any CPU
	EndGlobalSection
	GlobalSection(SolutionProperties) = preSolution
		HideSolutionNode = FALSE
	EndGlobalSection
	GlobalSection(ExtensibilityGlobals) = postSolution
		SolutionGuid = {15F808EF-6ED4-49B3-B2AF-22EA54AC14DB}
	EndGlobalSection
EndGlobal
